
Microsoft Visual Studio Solution File, Format Version 12.00
# Visual Studio 15
VisualStudioVersion = 15.0.27004.2002
MinimumVisualStudioVersion = 10.0.40219.1
Project("{FAE04EC0-301F-11D3-BF4B-00C04F79EFBC}") = "Day10", "Day10\Day10.csproj", "{E1932B34-EC04-4F6A-A33C-BA1BD009D244}"
EndProject
Global
	GlobalSection(SolutionConfigurationPlatforms) = preSolution
		Debug|Any CPU = Debug|Any CPU
		Release|Any CPU = Release|Any CPU
	EndGlobalSection
	GlobalSection(ProjectConfigurationPlatforms) = postSolution
		{E1932B34-EC04-4F6A-A33C-BA1BD009D244}.Debug|Any CPU.ActiveCfg = Debug|Any CPU
		{E1932B34-EC04-4F6A-A33C-BA1BD009D244}.Debug|Any CPU.Build.0 = Debug|Any CPU
		{E1932B34-EC04-4F6A-A33C-BA1BD009D244}.Release|Any CPU.ActiveCfg = Release|Any CPU
		{E1932B34-EC04-4F6A-A33C-BA1BD009D244}.Release|Any CPU.Build.0 = Release|Any CPU
	EndGlobalSection
	GlobalSection(SolutionProperties) = preSolution
		HideSolutionNode = FALSE
	EndGlobalSection
	GlobalSection(ExtensibilityGlobals) = postSolution
		SolutionGuid = {465D51AF-EC09-4D2B-844E-65EDA50AB4EB}
	EndGlobalSection
EndGlobal
